
Microsoft Visual Studio Solution File, Format Version 12.00
# Visual Studio Version 17
VisualStudioVersion = 17.3.32901.215
MinimumVisualStudioVersion = 10.0.40219.1
Project("{FAE04EC0-301F-11D3-BF4B-00C04F79EFBC}") = "Login", "Login\Login.csproj", "{F583F2CD-9097-4DD0-8892-81E070B9C136}"
EndProject
Project("{FAE04EC0-301F-11D3-BF4B-00C04F79EFBC}") = "Datos", "Datos\Datos.csproj", "{AFA3E584-8A1E-4AEE-BFA3-143325E1934B}"
EndProject
Project("{FAE04EC0-301F-11D3-BF4B-00C04F79EFBC}") = "Entidades", "Entidades\Entidades.csproj", "{290C0F63-8BCC-4058-983F-5AD1742D25B9}"
EndProject
Global
	GlobalSection(SolutionConfigurationPlatforms) = preSolution
		Debug|Any CPU = Debug|Any CPU
		Release|Any CPU = Release|Any CPU
	EndGlobalSection
	GlobalSection(ProjectConfigurationPlatforms) = postSolution
		{F583F2CD-9097-4DD0-8892-81E070B9C136}.Debug|Any CPU.ActiveCfg = Debug|Any CPU
		{F583F2CD-9097-4DD0-8892-81E070B9C136}.Debug|Any CPU.Build.0 = Debug|Any CPU
		{F583F2CD-9097-4DD0-8892-81E070B9C136}.Release|Any CPU.ActiveCfg = Release|Any CPU
		{F583F2CD-9097-4DD0-8892-81E070B9C136}.Release|Any CPU.Build.0 = Release|Any CPU
		{AFA3E584-8A1E-4AEE-BFA3-143325E1934B}.Debug|Any CPU.ActiveCfg = Debug|Any CPU
		{AFA3E584-8A1E-4AEE-BFA3-143325E1934B}.Debug|Any CPU.Build.0 = Debug|Any CPU
		{AFA3E584-8A1E-4AEE-BFA3-143325E1934B}.Release|Any CPU.ActiveCfg = Release|Any CPU
		{AFA3E584-8A1E-4AEE-BFA3-143325E1934B}.Release|Any CPU.Build.0 = Release|Any CPU
		{290C0F63-8BCC-4058-983F-5AD1742D25B9}.Debug|Any CPU.ActiveCfg = Debug|Any CPU
		{290C0F63-8BCC-4058-983F-5AD1742D25B9}.Debug|Any CPU.Build.0 = Debug|Any CPU
		{290C0F63-8BCC-4058-983F-5AD1742D25B9}.Release|Any CPU.ActiveCfg = Release|Any CPU
		{290C0F63-8BCC-4058-983F-5AD1742D25B9}.Release|Any CPU.Build.0 = Release|Any CPU
	EndGlobalSection
	GlobalSection(SolutionProperties) = preSolution
		HideSolutionNode = FALSE
	EndGlobalSection
	GlobalSection(ExtensibilityGlobals) = postSolution
		SolutionGuid = {81E921D3-DC7C-4E21-8448-4F38A17F7D7A}
	EndGlobalSection
EndGlobal
